
Microsoft Visual Studio Solution File, Format Version 12.00
# Visual Studio 15
VisualStudioVersion = 15.0.26403.0
MinimumVisualStudioVersion = 10.0.40219.1
Project("{FAE04EC0-301F-11D3-BF4B-00C04F79EFBC}") = "AppClima.Android", "AppClima\AppClima.Android\AppClima.Android.csproj", "{4AAC8A98-F36B-4DDC-B429-56ABF2CFC9B8}"
EndProject
Project("{FAE04EC0-301F-11D3-BF4B-00C04F79EFBC}") = "AppClima", "AppClima\AppClima\AppClima.csproj", "{5C70ACD7-A908-4D33-BC9C-AB320E7B69C8}"
EndProject
Project("{FAE04EC0-301F-11D3-BF4B-00C04F79EFBC}") = "AppClima.UWP", "AppClima\AppClima.UWP\AppClima.UWP.csproj", "{5D1996B5-87FD-4CA0-A67D-545D27511DEB}"
EndProject
Project("{FAE04EC0-301F-11D3-BF4B-00C04F79EFBC}") = "AppClima.iOS", "AppClima\AppClima.iOS\AppClima.iOS.csproj", "{21D2D06D-0F86-4E35-A737-DB692D699F64}"
EndProject
Global
	GlobalSection(SolutionConfigurationPlatforms) = preSolution
		Ad-Hoc|Any CPU = Ad-Hoc|Any CPU
		Ad-Hoc|ARM = Ad-Hoc|ARM
		Ad-Hoc|iPhone = Ad-Hoc|iPhone
		Ad-Hoc|iPhoneSimulator = Ad-Hoc|iPhoneSimulator
		Ad-Hoc|x64 = Ad-Hoc|x64
		Ad-Hoc|x86 = Ad-Hoc|x86
		AppStore|Any CPU = AppStore|Any CPU
		AppStore|ARM = AppStore|ARM
		AppStore|iPhone = AppStore|iPhone
		AppStore|iPhoneSimulator = AppStore|iPhoneSimulator
		AppStore|x64 = AppStore|x64
		AppStore|x86 = AppStore|x86
		Debug|Any CPU = Debug|Any CPU
		Debug|ARM = Debug|ARM
		Debug|iPhone = Debug|iPhone
		Debug|iPhoneSimulator = Debug|iPhoneSimulator
		Debug|x64 = Debug|x64
		Debug|x86 = Debug|x86
		Release|Any CPU = Release|Any CPU
		Release|ARM = Release|ARM
		Release|iPhone = Release|iPhone
		Release|iPhoneSimulator = Release|iPhoneSimulator
		Release|x64 = Release|x64
		Release|x86 = Release|x86
	EndGlobalSection
	GlobalSection(ProjectConfigurationPlatforms) = postSolution
		{4AAC8A98-F36B-4DDC-B429-56ABF2CFC9B8}.Ad-Hoc|Any CPU.ActiveCfg = Release|Any CPU
		{4AAC8A98-F36B-4DDC-B429-56ABF2CFC9B8}.Ad-Hoc|Any CPU.Build.0 = Release|Any CPU
		{4AAC8A98-F36B-4DDC-B429-56ABF2CFC9B8}.Ad-Hoc|Any CPU.Deploy.0 = Release|Any CPU
		{4AAC8A98-F36B-4DDC-B429-56ABF2CFC9B8}.Ad-Hoc|ARM.ActiveCfg = Release|Any CPU
		{4AAC8A98-F36B-4DDC-B429-56ABF2CFC9B8}.Ad-Hoc|ARM.Build.0 = Release|Any CPU
		{4AAC8A98-F36B-4DDC-B429-56ABF2CFC9B8}.Ad-Hoc|ARM.Deploy.0 = Release|Any CPU
		{4AAC8A98-F36B-4DDC-B429-56ABF2CFC9B8}.Ad-Hoc|iPhone.ActiveCfg = Release|Any CPU
		{4AAC8A98-F36B-4DDC-B429-56ABF2CFC9B8}.Ad-Hoc|iPhone.Build.0 = Release|Any CPU
		{4AAC8A98-F36B-4DDC-B429-56ABF2CFC9B8}.Ad-Hoc|iPhone.Deploy.0 = Release|Any CPU
		{4AAC8A98-F36B-4DDC-B429-56ABF2CFC9B8}.Ad-Hoc|iPhoneSimulator.ActiveCfg = Release|Any CPU
		{4AAC8A98-F36B-4DDC-B429-56ABF2CFC9B8}.Ad-Hoc|iPhoneSimulator.Build.0 = Release|Any CPU
		{4AAC8A98-F36B-4DDC-B429-56ABF2CFC9B8}.Ad-Hoc|iPhoneSimulator.Deploy.0 = Release|Any CPU
		{4AAC8A98-F36B-4DDC-B429-56ABF2CFC9B8}.Ad-Hoc|x64.ActiveCfg = Release|Any CPU
		{4AAC8A98-F36B-4DDC-B429-56ABF2CFC9B8}.Ad-Hoc|x64.Build.0 = Release|Any CPU
		{4AAC8A98-F36B-4DDC-B429-56ABF2CFC9B8}.Ad-Hoc|x64.Deploy.0 = Release|Any CPU
		{4AAC8A98-F36B-4DDC-B429-56ABF2CFC9B8}.Ad-Hoc|x86.ActiveCfg = Release|Any CPU
		{4AAC8A98-F36B-4DDC-B429-56ABF2CFC9B8}.Ad-Hoc|x86.Build.0 = Release|Any CPU
		{4AAC8A98-F36B-4DDC-B429-56ABF2CFC9B8}.Ad-Hoc|x86.Deploy.0 = Release|Any CPU
		{4AAC8A98-F36B-4DDC-B429-56ABF2CFC9B8}.AppStore|Any CPU.ActiveCfg = Release|Any CPU
		{4AAC8A98-F36B-4DDC-B429-56ABF2CFC9B8}.AppStore|Any CPU.Build.0 = Release|Any CPU
		{4AAC8A98-F36B-4DDC-B429-56ABF2CFC9B8}.AppStore|Any CPU.Deploy.0 = Release|Any CPU
		{4AAC8A98-F36B-4DDC-B429-56ABF2CFC9B8}.AppStore|ARM.ActiveCfg = Release|Any CPU
		{4AAC8A98-F36B-4DDC-B429-56ABF2CFC9B8}.AppStore|ARM.Build.0 = Release|Any CPU
		{4AAC8A98-F36B-4DDC-B429-56ABF2CFC9B8}.AppStore|ARM.Deploy.0 = Release|Any CPU
		{4AAC8A98-F36B-4DDC-B429-56ABF2CFC9B8}.AppStore|iPhone.ActiveCfg = Release|Any CPU
		{4AAC8A98-F36B-4DDC-B429-56ABF2CFC9B8}.AppStore|iPhone.Build.0 = Release|Any CPU
		{4AAC8A98-F36B-4DDC-B429-56ABF2CFC9B8}.AppStore|iPhone.Deploy.0 = Release|Any CPU
		{4AAC8A98-F36B-4DDC-B429-56ABF2CFC9B8}.AppStore|iPhoneSimulator.ActiveCfg = Release|Any CPU
		{4AAC8A98-F36B-4DDC-B429-56ABF2CFC9B8}.AppStore|iPhoneSimulator.Build.0 = Release|Any CPU
		{4AAC8A98-F36B-4DDC-B429-56ABF2CFC9B8}.AppStore|iPhoneSimulator.Deploy.0 = Release|Any CPU
		{4AAC8A98-F36B-4DDC-B429-56ABF2CFC9B8}.AppStore|x64.ActiveCfg = Release|Any CPU
		{4AAC8A98-F36B-4DDC-B429-56ABF2CFC9B8}.AppStore|x64.Build.0 = Release|Any CPU
		{4AAC8A98-F36B-4DDC-B429-56ABF2CFC9B8}.AppStore|x64.Deploy.0 = Release|Any CPU
		{4AAC8A98-F36B-4DDC-B429-56ABF2CFC9B8}.AppStore|x86.ActiveCfg = Release|Any CPU
		{4AAC8A98-F36B-4DDC-B429-56ABF2CFC9B8}.AppStore|x86.Build.0 = Release|Any CPU
		{4AAC8A98-F36B-4DDC-B429-56ABF2CFC9B8}.AppStore|x86.Deploy.0 = Release|Any CPU
		{4AAC8A98-F36B-4DDC-B429-56ABF2CFC9B8}.Debug|Any CPU.ActiveCfg = Debug|Any CPU
		{4AAC8A98-F36B-4DDC-B429-56ABF2CFC9B8}.Debug|Any CPU.Build.0 = Debug|Any CPU
		{4AAC8A98-F36B-4DDC-B429-56ABF2CFC9B8}.Debug|Any CPU.Deploy.0 = Debug|Any CPU
		{4AAC8A98-F36B-4DDC-B429-56ABF2CFC9B8}.Debug|ARM.ActiveCfg = Debug|Any CPU
		{4AAC8A98-F36B-4DDC-B429-56ABF2CFC9B8}.Debug|ARM.Build.0 = Debug|Any CPU
		{4AAC8A98-F36B-4DDC-B429-56ABF2CFC9B8}.Debug|ARM.Deploy.0 = Debug|Any CPU
		{4AAC8A98-F36B-4DDC-B429-56ABF2CFC9B8}.Debug|iPhone.ActiveCfg = Debug|Any CPU
		{4AAC8A98-F36B-4DDC-B429-56ABF2CFC9B8}.Debug|iPhone.Build.0 = Debug|Any CPU
		{4AAC8A98-F36B-4DDC-B429-56ABF2CFC9B8}.Debug|iPhone.Deploy.0 = Debug|Any CPU
		{4AAC8A98-F36B-4DDC-B429-56ABF2CFC9B8}.Debug|iPhoneSimulator.ActiveCfg = Debug|Any CPU
		{4AAC8A98-F36B-4DDC-B429-56ABF2CFC9B8}.Debug|iPhoneSimulator.Build.0 = Debug|Any CPU
		{4AAC8A98-F36B-4DDC-B429-56ABF2CFC9B8}.Debug|iPhoneSimulator.Deploy.0 = Debug|Any CPU
		{4AAC8A98-F36B-4DDC-B429-56ABF2CFC9B8}.Debug|x64.ActiveCfg = Debug|Any CPU
		{4AAC8A98-F36B-4DDC-B429-56ABF2CFC9B8}.Debug|x64.Build.0 = Debug|Any CPU
		{4AAC8A98-F36B-4DDC-B429-56ABF2CFC9B8}.Debug|x64.Deploy.0 = Debug|Any CPU
		{4AAC8A98-F36B-4DDC-B429-56ABF2CFC9B8}.Debug|x86.ActiveCfg = Debug|Any CPU
		{4AAC8A98-F36B-4DDC-B429-56ABF2CFC9B8}.Debug|x86.Build.0 = Debug|Any CPU
		{4AAC8A98-F36B-4DDC-B429-56ABF2CFC9B8}.Debug|x86.Deploy.0 = Debug|Any CPU
		{4AAC8A98-F36B-4DDC-B429-56ABF2CFC9B8}.Release|Any CPU.ActiveCfg = Release|Any CPU
		{4AAC8A98-F36B-4DDC-B429-56ABF2CFC9B8}.Release|Any CPU.Build.0 = Release|Any CPU
		{4AAC8A98-F36B-4DDC-B429-56ABF2CFC9B8}.Release|Any CPU.Deploy.0 = Release|Any CPU
		{4AAC8A98-F36B-4DDC-B429-56ABF2CFC9B8}.Release|ARM.ActiveCfg = Release|Any CPU
		{4AAC8A98-F36B-4DDC-B429-56ABF2CFC9B8}.Release|ARM.Build.0 = Release|Any CPU
		{4AAC8A98-F36B-4DDC-B429-56ABF2CFC9B8}.Release|ARM.Deploy.0 = Release|Any CPU
		{4AAC8A98-F36B-4DDC-B429-56ABF2CFC9B8}.Release|iPhone.ActiveCfg = Release|Any CPU
		{4AAC8A98-F36B-4DDC-B429-56ABF2CFC9B8}.Release|iPhone.Build.0 = Release|Any CPU
		{4AAC8A98-F36B-4DDC-B429-56ABF2CFC9B8}.Release|iPhone.Deploy.0 = Release|Any CPU
		{4AAC8A98-F36B-4DDC-B429-56ABF2CFC9B8}.Release|iPhoneSimulator.ActiveCfg = Release|Any CPU
		{4AAC8A98-F36B-4DDC-B429-56ABF2CFC9B8}.Release|iPhoneSimulator.Build.0 = Release|Any CPU
		{4AAC8A98-F36B-4DDC-B429-56ABF2CFC9B8}.Release|iPhoneSimulator.Deploy.0 = Release|Any CPU
		{4AAC8A98-F36B-4DDC-B429-56ABF2CFC9B8}.Release|x64.ActiveCfg = Release|Any CPU
		{4AAC8A98-F36B-4DDC-B429-56ABF2CFC9B8}.Release|x64.Build.0 = Release|Any CPU
		{4AAC8A98-F36B-4DDC-B429-56ABF2CFC9B8}.Release|x64.Deploy.0 = Release|Any CPU
		{4AAC8A98-F36B-4DDC-B429-56ABF2CFC9B8}.Release|x86.ActiveCfg = Release|Any CPU
		{4AAC8A98-F36B-4DDC-B429-56ABF2CFC9B8}.Release|x86.Build.0 = Release|Any CPU
		{4AAC8A98-F36B-4DDC-B429-56ABF2CFC9B8}.Release|x86.Deploy.0 = Release|Any CPU
		{5C70ACD7-A908-4D33-BC9C-AB320E7B69C8}.Ad-Hoc|Any CPU.ActiveCfg = Release|Any CPU
		{5C70ACD7-A908-4D33-BC9C-AB320E7B69C8}.Ad-Hoc|Any CPU.Build.0 = Release|Any CPU
		{5C70ACD7-A908-4D33-BC9C-AB320E7B69C8}.Ad-Hoc|ARM.ActiveCfg = Release|Any CPU
		{5C70ACD7-A908-4D33-BC9C-AB320E7B69C8}.Ad-Hoc|ARM.Build.0 = Release|Any CPU
		{5C70ACD7-A908-4D33-BC9C-AB320E7B69C8}.Ad-Hoc|iPhone.ActiveCfg = Release|Any CPU
		{5C70ACD7-A908-4D33-BC9C-AB320E7B69C8}.Ad-Hoc|iPhone.Build.0 = Release|Any CPU
		{5C70ACD7-A908-4D33-BC9C-AB320E7B69C8}.Ad-Hoc|iPhoneSimulator.ActiveCfg = Release|Any CPU
		{5C70ACD7-A908-4D33-BC9C-AB320E7B69C8}.Ad-Hoc|iPhoneSimulator.Build.0 = Release|Any CPU
		{5C70ACD7-A908-4D33-BC9C-AB320E7B69C8}.Ad-Hoc|x64.ActiveCfg = Release|Any CPU
		{5C70ACD7-A908-4D33-BC9C-AB320E7B69C8}.Ad-Hoc|x64.Build.0 = Release|Any CPU
		{5C70ACD7-A908-4D33-BC9C-AB320E7B69C8}.Ad-Hoc|x86.ActiveCfg = Release|Any CPU
		{5C70ACD7-A908-4D33-BC9C-AB320E7B69C8}.Ad-Hoc|x86.Build.0 = Release|Any CPU
		{5C70ACD7-A908-4D33-BC9C-AB320E7B69C8}.AppStore|Any CPU.ActiveCfg = Release|Any CPU
		{5C70ACD7-A908-4D33-BC9C-AB320E7B69C8}.AppStore|Any CPU.Build.0 = Release|Any CPU
		{5C70ACD7-A908-4D33-BC9C-AB320E7B69C8}.AppStore|ARM.ActiveCfg = Release|Any CPU
		{5C70ACD7-A908-4D33-BC9C-AB320E7B69C8}.AppStore|ARM.Build.0 = Release|Any CPU
		{5C70ACD7-A908-4D33-BC9C-AB320E7B69C8}.AppStore|iPhone.ActiveCfg = Release|Any CPU
		{5C70ACD7-A908-4D33-BC9C-AB320E7B69C8}.AppStore|iPhone.Build.0 = Release|Any CPU
		{5C70ACD7-A908-4D33-BC9C-AB320E7B69C8}.AppStore|iPhoneSimulator.ActiveCfg = Release|Any CPU
		{5C70ACD7-A908-4D33-BC9C-AB320E7B69C8}.AppStore|iPhoneSimulator.Build.0 = Release|Any CPU
		{5C70ACD7-A908-4D33-BC9C-AB320E7B69C8}.AppStore|x64.ActiveCfg = Release|Any CPU
		{5C70ACD7-A908-4D33-BC9C-AB320E7B69C8}.AppStore|x64.Build.0 = Release|Any CPU
		{5C70ACD7-A908-4D33-BC9C-AB320E7B69C8}.AppStore|x86.ActiveCfg = Release|Any CPU
		{5C70ACD7-A908-4D33-BC9C-AB320E7B69C8}.AppStore|x86.Build.0 = Release|Any CPU
		{5C70ACD7-A908-4D33-BC9C-AB320E7B69C8}.Debug|Any CPU.ActiveCfg = Debug|Any CPU
		{5C70ACD7-A908-4D33-BC9C-AB320E7B69C8}.Debug|Any CPU.Build.0 = Debug|Any CPU
		{5C70ACD7-A908-4D33-BC9C-AB320E7B69C8}.Debug|ARM.ActiveCfg = Debug|Any CPU
		{5C70ACD7-A908-4D33-BC9C-AB320E7B69C8}.Debug|ARM.Build.0 = Debug|Any CPU
		{5C70ACD7-A908-4D33-BC9C-AB320E7B69C8}.Debug|iPhone.ActiveCfg = Debug|Any CPU
		{5C70ACD7-A908-4D33-BC9C-AB320E7B69C8}.Debug|iPhone.Build.0 = Debug|Any CPU
		{5C70ACD7-A908-4D33-BC9C-AB320E7B69C8}.Debug|iPhoneSimulator.ActiveCfg = Debug|Any CPU
		{5C70ACD7-A908-4D33-BC9C-AB320E7B69C8}.Debug|iPhoneSimulator.Build.0 = Debug|Any CPU
		{5C70ACD7-A908-4D33-BC9C-AB320E7B69C8}.Debug|x64.ActiveCfg = Debug|Any CPU
		{5C70ACD7-A908-4D33-BC9C-AB320E7B69C8}.Debug|x64.Build.0 = Debug|Any CPU
		{5C70ACD7-A908-4D33-BC9C-AB320E7B69C8}.Debug|x86.ActiveCfg = Debug|Any CPU
		{5C70ACD7-A908-4D33-BC9C-AB320E7B69C8}.Debug|x86.Build.0 = Debug|Any CPU
		{5C70ACD7-A908-4D33-BC9C-AB320E7B69C8}.Release|Any CPU.ActiveCfg = Release|Any CPU
		{5C70ACD7-A908-4D33-BC9C-AB320E7B69C8}.Release|Any CPU.Build.0 = Release|Any CPU
		{5C70ACD7-A908-4D33-BC9C-AB320E7B69C8}.Release|ARM.ActiveCfg = Release|Any CPU
		{5C70ACD7-A908-4D33-BC9C-AB320E7B69C8}.Release|ARM.Build.0 = Release|Any CPU
		{5C70ACD7-A908-4D33-BC9C-AB320E7B69C8}.Release|iPhone.ActiveCfg = Release|Any CPU
		{5C70ACD7-A908-4D33-BC9C-AB320E7B69C8}.Release|iPhone.Build.0 = Release|Any CPU
		{5C70ACD7-A908-4D33-BC9C-AB320E7B69C8}.Release|iPhoneSimulator.ActiveCfg = Release|Any CPU
		{5C70ACD7-A908-4D33-BC9C-AB320E7B69C8}.Release|iPhoneSimulator.Build.0 = Release|Any CPU
		{5C70ACD7-A908-4D33-BC9C-AB320E7B69C8}.Release|x64.ActiveCfg = Release|Any CPU
		{5C70ACD7-A908-4D33-BC9C-AB320E7B69C8}.Release|x64.Build.0 = Release|Any CPU
		{5C70ACD7-A908-4D33-BC9C-AB320E7B69C8}.Release|x86.ActiveCfg = Release|Any CPU
		{5C70ACD7-A908-4D33-BC9C-AB320E7B69C8}.Release|x86.Build.0 = Release|Any CPU
		{5D1996B5-87FD-4CA0-A67D-545D27511DEB}.Ad-Hoc|Any CPU.ActiveCfg = Release|x86
		{5D1996B5-87FD-4CA0-A67D-545D27511DEB}.Ad-Hoc|Any CPU.Build.0 = Release|x86
		{5D1996B5-87FD-4CA0-A67D-545D27511DEB}.Ad-Hoc|Any CPU.Deploy.0 = Release|x86
		{5D1996B5-87FD-4CA0-A67D-545D27511DEB}.Ad-Hoc|ARM.ActiveCfg = Release|ARM
		{5D1996B5-87FD-4CA0-A67D-545D27511DEB}.Ad-Hoc|ARM.Build.0 = Release|ARM
		{5D1996B5-87FD-4CA0-A67D-545D27511DEB}.Ad-Hoc|ARM.Deploy.0 = Release|ARM
		{5D1996B5-87FD-4CA0-A67D-545D27511DEB}.Ad-Hoc|iPhone.ActiveCfg = Release|x86
		{5D1996B5-87FD-4CA0-A67D-545D27511DEB}.Ad-Hoc|iPhone.Build.0 = Release|x86
		{5D1996B5-87FD-4CA0-A67D-545D27511DEB}.Ad-Hoc|iPhone.Deploy.0 = Release|x86
		{5D1996B5-87FD-4CA0-A67D-545D27511DEB}.Ad-Hoc|iPhoneSimulator.ActiveCfg = Release|x86
		{5D1996B5-87FD-4CA0-A67D-545D27511DEB}.Ad-Hoc|iPhoneSimulator.Build.0 = Release|x86
		{5D1996B5-87FD-4CA0-A67D-545D27511DEB}.Ad-Hoc|iPhoneSimulator.Deploy.0 = Release|x86
		{5D1996B5-87FD-4CA0-A67D-545D27511DEB}.Ad-Hoc|x64.ActiveCfg = Release|x64
		{5D1996B5-87FD-4CA0-A67D-545D27511DEB}.Ad-Hoc|x64.Build.0 = Release|x64
		{5D1996B5-87FD-4CA0-A67D-545D27511DEB}.Ad-Hoc|x64.Deploy.0 = Release|x64
		{5D1996B5-87FD-4CA0-A67D-545D27511DEB}.Ad-Hoc|x86.ActiveCfg = Release|x86
		{5D1996B5-87FD-4CA0-A67D-545D27511DEB}.Ad-Hoc|x86.Build.0 = Release|x86
		{5D1996B5-87FD-4CA0-A67D-545D27511DEB}.Ad-Hoc|x86.Deploy.0 = Release|x86
		{5D1996B5-87FD-4CA0-A67D-545D27511DEB}.AppStore|Any CPU.ActiveCfg = Release|x86
		{5D1996B5-87FD-4CA0-A67D-545D27511DEB}.AppStore|Any CPU.Build.0 = Release|x86
		{5D1996B5-87FD-4CA0-A67D-545D27511DEB}.AppStore|Any CPU.Deploy.0 = Release|x86
		{5D1996B5-87FD-4CA0-A67D-545D27511DEB}.AppStore|ARM.ActiveCfg = Release|ARM
		{5D1996B5-87FD-4CA0-A67D-545D27511DEB}.AppStore|ARM.Build.0 = Release|ARM
		{5D1996B5-87FD-4CA0-A67D-545D27511DEB}.AppStore|ARM.Deploy.0 = Release|ARM
		{5D1996B5-87FD-4CA0-A67D-545D27511DEB}.AppStore|iPhone.ActiveCfg = Release|x86
		{5D1996B5-87FD-4CA0-A67D-545D27511DEB}.AppStore|iPhone.Build.0 = Release|x86
		{5D1996B5-87FD-4CA0-A67D-545D27511DEB}.AppStore|iPhone.Deploy.0 = Release|x86
		{5D1996B5-87FD-4CA0-A67D-545D27511DEB}.AppStore|iPhoneSimulator.ActiveCfg = Release|x86
		{5D1996B5-87FD-4CA0-A67D-545D27511DEB}.AppStore|iPhoneSimulator.Build.0 = Release|x86
		{5D1996B5-87FD-4CA0-A67D-545D27511DEB}.AppStore|iPhoneSimulator.Deploy.0 = Release|x86
		{5D1996B5-87FD-4CA0-A67D-545D27511DEB}.AppStore|x64.ActiveCfg = Release|x64
		{5D1996B5-87FD-4CA0-A67D-545D27511DEB}.AppStore|x64.Build.0 = Release|x64
		{5D1996B5-87FD-4CA0-A67D-545D27511DEB}.AppStore|x64.Deploy.0 = Release|x64
		{5D1996B5-87FD-4CA0-A67D-545D27511DEB}.AppStore|x86.ActiveCfg = Release|x86
		{5D1996B5-87FD-4CA0-A67D-545D27511DEB}.AppStore|x86.Build.0 = Release|x86
		{5D1996B5-87FD-4CA0-A67D-545D27511DEB}.AppStore|x86.Deploy.0 = Release|x86
		{5D1996B5-87FD-4CA0-A67D-545D27511DEB}.Debug|Any CPU.ActiveCfg = Debug|x86
		{5D1996B5-87FD-4CA0-A67D-545D27511DEB}.Debug|ARM.ActiveCfg = Debug|ARM
		{5D1996B5-87FD-4CA0-A67D-545D27511DEB}.Debug|ARM.Build.0 = Debug|ARM
		{5D1996B5-87FD-4CA0-A67D-545D27511DEB}.Debug|ARM.Deploy.0 = Debug|ARM
		{5D1996B5-87FD-4CA0-A67D-545D27511DEB}.Debug|iPhone.ActiveCfg = Debug|x86
		{5D1996B5-87FD-4CA0-A67D-545D27511DEB}.Debug|iPhoneSimulator.ActiveCfg = Debug|x86
		{5D1996B5-87FD-4CA0-A67D-545D27511DEB}.Debug|x64.ActiveCfg = Debug|x64
		{5D1996B5-87FD-4CA0-A67D-545D27511DEB}.Debug|x64.Build.0 = Debug|x64
		{5D1996B5-87FD-4CA0-A67D-545D27511DEB}.Debug|x64.Deploy.0 = Debug|x64
		{5D1996B5-87FD-4CA0-A67D-545D27511DEB}.Debug|x86.ActiveCfg = Debug|x86
		{5D1996B5-87FD-4CA0-A67D-545D27511DEB}.Debug|x86.Build.0 = Debug|x86
		{5D1996B5-87FD-4CA0-A67D-545D27511DEB}.Debug|x86.Deploy.0 = Debug|x86
		{5D1996B5-87FD-4CA0-A67D-545D27511DEB}.Release|Any CPU.ActiveCfg = Release|x86
		{5D1996B5-87FD-4CA0-A67D-545D27511DEB}.Release|ARM.ActiveCfg = Release|ARM
		{5D1996B5-87FD-4CA0-A67D-545D27511DEB}.Release|ARM.Build.0 = Release|ARM
		{5D1996B5-87FD-4CA0-A67D-545D27511DEB}.Release|ARM.Deploy.0 = Release|ARM
		{5D1996B5-87FD-4CA0-A67D-545D27511DEB}.Release|iPhone.ActiveCfg = Release|x86
		{5D1996B5-87FD-4CA0-A67D-545D27511DEB}.Release|iPhoneSimulator.ActiveCfg = Release|x86
		{5D1996B5-87FD-4CA0-A67D-545D27511DEB}.Release|x64.ActiveCfg = Release|x64
		{5D1996B5-87FD-4CA0-A67D-545D27511DEB}.Release|x64.Build.0 = Release|x64
		{5D1996B5-87FD-4CA0-A67D-545D27511DEB}.Release|x64.Deploy.0 = Release|x64
		{5D1996B5-87FD-4CA0-A67D-545D27511DEB}.Release|x86.ActiveCfg = Release|x86
		{5D1996B5-87FD-4CA0-A67D-545D27511DEB}.Release|x86.Build.0 = Release|x86
		{5D1996B5-87FD-4CA0-A67D-545D27511DEB}.Release|x86.Deploy.0 = Release|x86
		{21D2D06D-0F86-4E35-A737-DB692D699F64}.Ad-Hoc|Any CPU.ActiveCfg = Ad-Hoc|iPhone
		{21D2D06D-0F86-4E35-A737-DB692D699F64}.Ad-Hoc|ARM.ActiveCfg = Ad-Hoc|iPhone
		{21D2D06D-0F86-4E35-A737-DB692D699F64}.Ad-Hoc|iPhone.ActiveCfg = Ad-Hoc|iPhone
		{21D2D06D-0F86-4E35-A737-DB692D699F64}.Ad-Hoc|iPhone.Build.0 = Ad-Hoc|iPhone
		{21D2D06D-0F86-4E35-A737-DB692D699F64}.Ad-Hoc|iPhoneSimulator.ActiveCfg = Ad-Hoc|iPhoneSimulator
		{21D2D06D-0F86-4E35-A737-DB692D699F64}.Ad-Hoc|iPhoneSimulator.Build.0 = Ad-Hoc|iPhoneSimulator
		{21D2D06D-0F86-4E35-A737-DB692D699F64}.Ad-Hoc|x64.ActiveCfg = Ad-Hoc|iPhone
		{21D2D06D-0F86-4E35-A737-DB692D699F64}.Ad-Hoc|x86.ActiveCfg = Ad-Hoc|iPhone
		{21D2D06D-0F86-4E35-A737-DB692D699F64}.AppStore|Any CPU.ActiveCfg = AppStore|iPhone
		{21D2D06D-0F86-4E35-A737-DB692D699F64}.AppStore|ARM.ActiveCfg = AppStore|iPhone
		{21D2D06D-0F86-4E35-A737-DB692D699F64}.AppStore|iPhone.ActiveCfg = AppStore|iPhone
		{21D2D06D-0F86-4E35-A737-DB692D699F64}.AppStore|iPhone.Build.0 = AppStore|iPhone
		{21D2D06D-0F86-4E35-A737-DB692D699F64}.AppStore|iPhoneSimulator.ActiveCfg = AppStore|iPhoneSimulator
		{21D2D06D-0F86-4E35-A737-DB692D699F64}.AppStore|iPhoneSimulator.Build.0 = AppStore|iPhoneSimulator
		{21D2D06D-0F86-4E35-A737-DB692D699F64}.AppStore|x64.ActiveCfg = AppStore|iPhone
		{21D2D06D-0F86-4E35-A737-DB692D699F64}.AppStore|x86.ActiveCfg = AppStore|iPhone
		{21D2D06D-0F86-4E35-A737-DB692D699F64}.Debug|Any CPU.ActiveCfg = Debug|iPhone
		{21D2D06D-0F86-4E35-A737-DB692D699F64}.Debug|ARM.ActiveCfg = Debug|iPhone
		{21D2D06D-0F86-4E35-A737-DB692D699F64}.Debug|iPhone.ActiveCfg = Debug|iPhone
		{21D2D06D-0F86-4E35-A737-DB692D699F64}.Debug|iPhone.Build.0 = Debug|iPhone
		{21D2D06D-0F86-4E35-A737-DB692D699F64}.Debug|iPhoneSimulator.ActiveCfg = Debug|iPhoneSimulator
		{21D2D06D-0F86-4E35-A737-DB692D699F64}.Debug|iPhoneSimulator.Build.0 = Debug|iPhoneSimulator
		{21D2D06D-0F86-4E35-A737-DB692D699F64}.Debug|x64.ActiveCfg = Debug|iPhone
		{21D2D06D-0F86-4E35-A737-DB692D699F64}.Debug|x86.ActiveCfg = Debug|iPhone
		{21D2D06D-0F86-4E35-A737-DB692D699F64}.Release|Any CPU.ActiveCfg = Release|iPhone
		{21D2D06D-0F86-4E35-A737-DB692D699F64}.Release|ARM.ActiveCfg = Release|iPhone
		{21D2D06D-0F86-4E35-A737-DB692D699F64}.Release|iPhone.ActiveCfg = Release|iPhone
		{21D2D06D-0F86-4E35-A737-DB692D699F64}.Release|iPhone.Build.0 = Release|iPhone
		{21D2D06D-0F86-4E35-A737-DB692D699F64}.Release|iPhoneSimulator.ActiveCfg = Release|iPhoneSimulator
		{21D2D06D-0F86-4E35-A737-DB692D699F64}.Release|iPhoneSimulator.Build.0 = Release|iPhoneSimulator
		{21D2D06D-0F86-4E35-A737-DB692D699F64}.Release|x64.ActiveCfg = Release|iPhone
		{21D2D06D-0F86-4E35-A737-DB692D699F64}.Release|x86.ActiveCfg = Release|iPhone
	EndGlobalSection
	GlobalSection(SolutionProperties) = preSolution
		HideSolutionNode = FALSE
	EndGlobalSection
EndGlobal
